
Microsoft Visual Studio Solution File, Format Version 12.00
# Visual Studio Version 17
VisualStudioVersion = 17.6.33801.468
MinimumVisualStudioVersion = 10.0.40219.1
Project("{FAE04EC0-301F-11D3-BF4B-00C04F79EFBC}") = "Projektiranje inf.sustava 1", "Projektiranje inf.sustava 1.csproj", "{C7DA7486-F0EA-4483-8C22-B2B4A7BC06B0}"
EndProject
Global
	GlobalSection(SolutionConfigurationPlatforms) = preSolution
		Debug|Any CPU = Debug|Any CPU
		Release|Any CPU = Release|Any CPU
	EndGlobalSection
	GlobalSection(ProjectConfigurationPlatforms) = postSolution
		{C7DA7486-F0EA-4483-8C22-B2B4A7BC06B0}.Debug|Any CPU.ActiveCfg = Debug|Any CPU
		{C7DA7486-F0EA-4483-8C22-B2B4A7BC06B0}.Debug|Any CPU.Build.0 = Debug|Any CPU
		{C7DA7486-F0EA-4483-8C22-B2B4A7BC06B0}.Release|Any CPU.ActiveCfg = Release|Any CPU
		{C7DA7486-F0EA-4483-8C22-B2B4A7BC06B0}.Release|Any CPU.Build.0 = Release|Any CPU
	EndGlobalSection
	GlobalSection(SolutionProperties) = preSolution
		HideSolutionNode = FALSE
	EndGlobalSection
	GlobalSection(ExtensibilityGlobals) = postSolution
		SolutionGuid = {F063C381-2D08-444F-B747-24E4B388B37D}
	EndGlobalSection
EndGlobal
